
Microsoft Visual Studio Solution File, Format Version 12.00
# Visual Studio Version 16
VisualStudioVersion = 16.0.31112.23
MinimumVisualStudioVersion = 10.0.40219.1
Project("{9A19103F-16F7-4668-BE54-9A1E7A4F7556}") = "01.ReverseStrings", "StacksAndQueues\01.ReverseStrings.csproj", "{B4DFD7FF-7B33-42A3-934E-D26CB117E81D}"
EndProject
Project("{9A19103F-16F7-4668-BE54-9A1E7A4F7556}") = "02.StackSum", "02.StackSum\02.StackSum.csproj", "{53623766-919C-4B49-956A-9EEFF66F6342}"
EndProject
Project("{9A19103F-16F7-4668-BE54-9A1E7A4F7556}") = "03.SimpleCalculator", "03.SimpleCalculator\03.SimpleCalculator.csproj", "{099FA587-831D-417D-8BB9-C38DEFE38EB5}"
EndProject
Project("{9A19103F-16F7-4668-BE54-9A1E7A4F7556}") = "04.MatchingBrackets", "04.MatchingBrackets\04.MatchingBrackets.csproj", "{09C2AFF1-A97B-4013-852C-4958E7168DF7}"
EndProject
Project("{9A19103F-16F7-4668-BE54-9A1E7A4F7556}") = "05.PrintEvenNumbers", "05.PrintEvenNumbers\05.PrintEvenNumbers.csproj", "{BBB6F870-3408-43B5-9BD2-8D29356DE0BE}"
EndProject
Project("{9A19103F-16F7-4668-BE54-9A1E7A4F7556}") = "06.Supermarket", "06.Supermarket\06.Supermarket.csproj", "{CF28A243-53D9-4657-A31B-FCA580E41693}"
EndProject
Project("{9A19103F-16F7-4668-BE54-9A1E7A4F7556}") = "07.HotPotato", "07.HotPotato\07.HotPotato.csproj", "{40FF45F3-DC38-4276-92AF-DA1548D9F4E3}"
EndProject
Project("{9A19103F-16F7-4668-BE54-9A1E7A4F7556}") = "08.TrafficJam", "08.TrafficJam\08.TrafficJam.csproj", "{AAE700E7-8CCC-4FE5-8812-B460905004EC}"
EndProject
Project("{9A19103F-16F7-4668-BE54-9A1E7A4F7556}") = "09.BasicStackOperations", "09.BasicStackOperations\09.BasicStackOperations.csproj", "{2B04C768-57EB-4810-8EF9-689E8A8928F0}"
EndProject
Project("{9A19103F-16F7-4668-BE54-9A1E7A4F7556}") = "10.BasicQueueOperations", "10.BasicQueueOperations\10.BasicQueueOperations.csproj", "{E479D8FE-86AA-4663-A396-07333B026487}"
EndProject
Project("{9A19103F-16F7-4668-BE54-9A1E7A4F7556}") = "11.MaxAndMinElement", "11.MaxAndMinElement\11.MaxAndMinElement.csproj", "{B4752835-EB9A-424A-9D87-3F38C4A0EA0C}"
EndProject
Project("{9A19103F-16F7-4668-BE54-9A1E7A4F7556}") = "12.FastFood", "12.FastFood\12.FastFood.csproj", "{B4F1DFA0-6D8B-4962-9227-DCC07ECA6E11}"
EndProject
Project("{9A19103F-16F7-4668-BE54-9A1E7A4F7556}") = "13.FashionBoutique", "13.FashionBoutique\13.FashionBoutique.csproj", "{A40CDDBD-CD7D-427B-8E42-EB0C5F2D0D7E}"
EndProject
Project("{9A19103F-16F7-4668-BE54-9A1E7A4F7556}") = "14.SongsQueue", "14.SongsQueue\14.SongsQueue.csproj", "{7762567B-8B84-4386-B599-D27EA5554BA1}"
EndProject
Project("{9A19103F-16F7-4668-BE54-9A1E7A4F7556}") = "15.TruckTour", "15.TruckTour\15.TruckTour.csproj", "{3B159FA5-230D-48A5-8462-CD3189EAADE8}"
EndProject
Project("{FAE04EC0-301F-11D3-BF4B-00C04F79EFBC}") = "16.BalancedParentheses", "16.BalancedParentheses\16.BalancedParentheses.csproj", "{61BE13CA-5C36-4D9D-86F9-EA6DD108A433}"
EndProject
Project("{FAE04EC0-301F-11D3-BF4B-00C04F79EFBC}") = "17.SimpleTextEditor", "17.SimpleTextEditor\17.SimpleTextEditor.csproj", "{3860D5EA-BB1A-40D9-8F8B-23FAA964D198}"
EndProject
Project("{FAE04EC0-301F-11D3-BF4B-00C04F79EFBC}") = "18.CrossRoads", "18.CrossRoads\18.CrossRoads.csproj", "{3A627218-22EB-4DA5-A1CA-964221732BF7}"
EndProject
Global
	GlobalSection(SolutionConfigurationPlatforms) = preSolution
		Debug|Any CPU = Debug|Any CPU
		Release|Any CPU = Release|Any CPU
	EndGlobalSection
	GlobalSection(ProjectConfigurationPlatforms) = postSolution
		{B4DFD7FF-7B33-42A3-934E-D26CB117E81D}.Debug|Any CPU.ActiveCfg = Debug|Any CPU
		{B4DFD7FF-7B33-42A3-934E-D26CB117E81D}.Debug|Any CPU.Build.0 = Debug|Any CPU
		{B4DFD7FF-7B33-42A3-934E-D26CB117E81D}.Release|Any CPU.ActiveCfg = Release|Any CPU
		{B4DFD7FF-7B33-42A3-934E-D26CB117E81D}.Release|Any CPU.Build.0 = Release|Any CPU
		{53623766-919C-4B49-956A-9EEFF66F6342}.Debug|Any CPU.ActiveCfg = Debug|Any CPU
		{53623766-919C-4B49-956A-9EEFF66F6342}.Debug|Any CPU.Build.0 = Debug|Any CPU
		{53623766-919C-4B49-956A-9EEFF66F6342}.Release|Any CPU.ActiveCfg = Release|Any CPU
		{53623766-919C-4B49-956A-9EEFF66F6342}.Release|Any CPU.Build.0 = Release|Any CPU
		{099FA587-831D-417D-8BB9-C38DEFE38EB5}.Debug|Any CPU.ActiveCfg = Debug|Any CPU
		{099FA587-831D-417D-8BB9-C38DEFE38EB5}.Debug|Any CPU.Build.0 = Debug|Any CPU
		{099FA587-831D-417D-8BB9-C38DEFE38EB5}.Release|Any CPU.ActiveCfg = Release|Any CPU
		{099FA587-831D-417D-8BB9-C38DEFE38EB5}.Release|Any CPU.Build.0 = Release|Any CPU
		{09C2AFF1-A97B-4013-852C-4958E7168DF7}.Debug|Any CPU.ActiveCfg = Debug|Any CPU
		{09C2AFF1-A97B-4013-852C-4958E7168DF7}.Debug|Any CPU.Build.0 = Debug|Any CPU
		{09C2AFF1-A97B-4013-852C-4958E7168DF7}.Release|Any CPU.ActiveCfg = Release|Any CPU
		{09C2AFF1-A97B-4013-852C-4958E7168DF7}.Release|Any CPU.Build.0 = Release|Any CPU
		{BBB6F870-3408-43B5-9BD2-8D29356DE0BE}.Debug|Any CPU.ActiveCfg = Debug|Any CPU
		{BBB6F870-3408-43B5-9BD2-8D29356DE0BE}.Debug|Any CPU.Build.0 = Debug|Any CPU
		{BBB6F870-3408-43B5-9BD2-8D29356DE0BE}.Release|Any CPU.ActiveCfg = Release|Any CPU
		{BBB6F870-3408-43B5-9BD2-8D29356DE0BE}.Release|Any CPU.Build.0 = Release|Any CPU
		{CF28A243-53D9-4657-A31B-FCA580E41693}.Debug|Any CPU.ActiveCfg = Debug|Any CPU
		{CF28A243-53D9-4657-A31B-FCA580E41693}.Debug|Any CPU.Build.0 = Debug|Any CPU
		{CF28A243-53D9-4657-A31B-FCA580E41693}.Release|Any CPU.ActiveCfg = Release|Any CPU
		{CF28A243-53D9-4657-A31B-FCA580E41693}.Release|Any CPU.Build.0 = Release|Any CPU
		{40FF45F3-DC38-4276-92AF-DA1548D9F4E3}.Debug|Any CPU.ActiveCfg = Debug|Any CPU
		{40FF45F3-DC38-4276-92AF-DA1548D9F4E3}.Debug|Any CPU.Build.0 = Debug|Any CPU
		{40FF45F3-DC38-4276-92AF-DA1548D9F4E3}.Release|Any CPU.ActiveCfg = Release|Any CPU
		{40FF45F3-DC38-4276-92AF-DA1548D9F4E3}.Release|Any CPU.Build.0 = Release|Any CPU
		{AAE700E7-8CCC-4FE5-8812-B460905004EC}.Debug|Any CPU.ActiveCfg = Debug|Any CPU
		{AAE700E7-8CCC-4FE5-8812-B460905004EC}.Debug|Any CPU.Build.0 = Debug|Any CPU
		{AAE700E7-8CCC-4FE5-8812-B460905004EC}.Release|Any CPU.ActiveCfg = Release|Any CPU
		{AAE700E7-8CCC-4FE5-8812-B460905004EC}.Release|Any CPU.Build.0 = Release|Any CPU
		{2B04C768-57EB-4810-8EF9-689E8A8928F0}.Debug|Any CPU.ActiveCfg = Debug|Any CPU
		{2B04C768-57EB-4810-8EF9-689E8A8928F0}.Debug|Any CPU.Build.0 = Debug|Any CPU
		{2B04C768-57EB-4810-8EF9-689E8A8928F0}.Release|Any CPU.ActiveCfg = Release|Any CPU
		{2B04C768-57EB-4810-8EF9-689E8A8928F0}.Release|Any CPU.Build.0 = Release|Any CPU
		{E479D8FE-86AA-4663-A396-07333B026487}.Debug|Any CPU.ActiveCfg = Debug|Any CPU
		{E479D8FE-86AA-4663-A396-07333B026487}.Debug|Any CPU.Build.0 = Debug|Any CPU
		{E479D8FE-86AA-4663-A396-07333B026487}.Release|Any CPU.ActiveCfg = Release|Any CPU
		{E479D8FE-86AA-4663-A396-07333B026487}.Release|Any CPU.Build.0 = Release|Any CPU
		{B4752835-EB9A-424A-9D87-3F38C4A0EA0C}.Debug|Any CPU.ActiveCfg = Debug|Any CPU
		{B4752835-EB9A-424A-9D87-3F38C4A0EA0C}.Debug|Any CPU.Build.0 = Debug|Any CPU
		{B4752835-EB9A-424A-9D87-3F38C4A0EA0C}.Release|Any CPU.ActiveCfg = Release|Any CPU
		{B4752835-EB9A-424A-9D87-3F38C4A0EA0C}.Release|Any CPU.Build.0 = Release|Any CPU
		{B4F1DFA0-6D8B-4962-9227-DCC07ECA6E11}.Debug|Any CPU.ActiveCfg = Debug|Any CPU
		{B4F1DFA0-6D8B-4962-9227-DCC07ECA6E11}.Debug|Any CPU.Build.0 = Debug|Any CPU
		{B4F1DFA0-6D8B-4962-9227-DCC07ECA6E11}.Release|Any CPU.ActiveCfg = Release|Any CPU
		{B4F1DFA0-6D8B-4962-9227-DCC07ECA6E11}.Release|Any CPU.Build.0 = Release|Any CPU
		{A40CDDBD-CD7D-427B-8E42-EB0C5F2D0D7E}.Debug|Any CPU.ActiveCfg = Debug|Any CPU
		{A40CDDBD-CD7D-427B-8E42-EB0C5F2D0D7E}.Debug|Any CPU.Build.0 = Debug|Any CPU
		{A40CDDBD-CD7D-427B-8E42-EB0C5F2D0D7E}.Release|Any CPU.ActiveCfg = Release|Any CPU
		{A40CDDBD-CD7D-427B-8E42-EB0C5F2D0D7E}.Release|Any CPU.Build.0 = Release|Any CPU
		{7762567B-8B84-4386-B599-D27EA5554BA1}.Debug|Any CPU.ActiveCfg = Debug|Any CPU
		{7762567B-8B84-4386-B599-D27EA5554BA1}.Debug|Any CPU.Build.0 = Debug|Any CPU
		{7762567B-8B84-4386-B599-D27EA5554BA1}.Release|Any CPU.ActiveCfg = Release|Any CPU
		{7762567B-8B84-4386-B599-D27EA5554BA1}.Release|Any CPU.Build.0 = Release|Any CPU
		{3B159FA5-230D-48A5-8462-CD3189EAADE8}.Debug|Any CPU.ActiveCfg = Debug|Any CPU
		{3B159FA5-230D-48A5-8462-CD3189EAADE8}.Debug|Any CPU.Build.0 = Debug|Any CPU
		{3B159FA5-230D-48A5-8462-CD3189EAADE8}.Release|Any CPU.ActiveCfg = Release|Any CPU
		{3B159FA5-230D-48A5-8462-CD3189EAADE8}.Release|Any CPU.Build.0 = Release|Any CPU
		{61BE13CA-5C36-4D9D-86F9-EA6DD108A433}.Debug|Any CPU.ActiveCfg = Debug|Any CPU
		{61BE13CA-5C36-4D9D-86F9-EA6DD108A433}.Debug|Any CPU.Build.0 = Debug|Any CPU
		{61BE13CA-5C36-4D9D-86F9-EA6DD108A433}.Release|Any CPU.ActiveCfg = Release|Any CPU
		{61BE13CA-5C36-4D9D-86F9-EA6DD108A433}.Release|Any CPU.Build.0 = Release|Any CPU
		{3860D5EA-BB1A-40D9-8F8B-23FAA964D198}.Debug|Any CPU.ActiveCfg = Debug|Any CPU
		{3860D5EA-BB1A-40D9-8F8B-23FAA964D198}.Debug|Any CPU.Build.0 = Debug|Any CPU
		{3860D5EA-BB1A-40D9-8F8B-23FAA964D198}.Release|Any CPU.ActiveCfg = Release|Any CPU
		{3860D5EA-BB1A-40D9-8F8B-23FAA964D198}.Release|Any CPU.Build.0 = Release|Any CPU
		{3A627218-22EB-4DA5-A1CA-964221732BF7}.Debug|Any CPU.ActiveCfg = Debug|Any CPU
		{3A627218-22EB-4DA5-A1CA-964221732BF7}.Debug|Any CPU.Build.0 = Debug|Any CPU
		{3A627218-22EB-4DA5-A1CA-964221732BF7}.Release|Any CPU.ActiveCfg = Release|Any CPU
		{3A627218-22EB-4DA5-A1CA-964221732BF7}.Release|Any CPU.Build.0 = Release|Any CPU
	EndGlobalSection
	GlobalSection(SolutionProperties) = preSolution
		HideSolutionNode = FALSE
	EndGlobalSection
	GlobalSection(ExtensibilityGlobals) = postSolution
		SolutionGuid = {374E74C0-59B0-4862-BAB0-90CDD0D83218}
	EndGlobalSection
EndGlobal
