
Microsoft Visual Studio Solution File, Format Version 12.00
# Visual Studio Version 16
VisualStudioVersion = 16.0.31112.23
MinimumVisualStudioVersion = 10.0.40219.1
Project("{FAE04EC0-301F-11D3-BF4B-00C04F79EFBC}") = "01.CountSameValuesInArray", "01.CountSameValuesInArray\01.CountSameValuesInArray.csproj", "{065875FA-A8A5-423D-8B29-AC777EB26281}"
EndProject
Project("{FAE04EC0-301F-11D3-BF4B-00C04F79EFBC}") = "02.AverageStudentGrades", "02.AverageStudentGrades\02.AverageStudentGrades.csproj", "{EE0025C6-F61B-4D4E-B7F2-BA78D6F76ADF}"
EndProject
Project("{FAE04EC0-301F-11D3-BF4B-00C04F79EFBC}") = "03.ProductShop", "03.ProductShop\03.ProductShop.csproj", "{5714F658-EFE7-49F6-AAC1-4A1AA41C4762}"
EndProject
Project("{FAE04EC0-301F-11D3-BF4B-00C04F79EFBC}") = "04.CitiesByContinentAndCountry", "04.CitiesByContinentAndCountry\04.CitiesByContinentAndCountry.csproj", "{B5B6F1C1-39C7-41BD-9FE3-998ABBD07664}"
EndProject
Project("{FAE04EC0-301F-11D3-BF4B-00C04F79EFBC}") = "05.RecordUniqueNames", "05.RecordUniqueNames\05.RecordUniqueNames.csproj", "{604FD105-33B9-4AC3-BCB0-561C0FF073BF}"
EndProject
Project("{FAE04EC0-301F-11D3-BF4B-00C04F79EFBC}") = "06.ParkingLot", "06.ParkingLot\06.ParkingLot.csproj", "{3CFB6E83-6E22-41C8-A8F0-47CF510F092F}"
EndProject
Project("{FAE04EC0-301F-11D3-BF4B-00C04F79EFBC}") = "07.SoftuniParty", "07.SoftuniParty\07.SoftuniParty.csproj", "{CE5456B2-F534-4197-8F22-9AA921E546E4}"
EndProject
Global
	GlobalSection(SolutionConfigurationPlatforms) = preSolution
		Debug|Any CPU = Debug|Any CPU
		Release|Any CPU = Release|Any CPU
	EndGlobalSection
	GlobalSection(ProjectConfigurationPlatforms) = postSolution
		{065875FA-A8A5-423D-8B29-AC777EB26281}.Debug|Any CPU.ActiveCfg = Debug|Any CPU
		{065875FA-A8A5-423D-8B29-AC777EB26281}.Debug|Any CPU.Build.0 = Debug|Any CPU
		{065875FA-A8A5-423D-8B29-AC777EB26281}.Release|Any CPU.ActiveCfg = Release|Any CPU
		{065875FA-A8A5-423D-8B29-AC777EB26281}.Release|Any CPU.Build.0 = Release|Any CPU
		{EE0025C6-F61B-4D4E-B7F2-BA78D6F76ADF}.Debug|Any CPU.ActiveCfg = Debug|Any CPU
		{EE0025C6-F61B-4D4E-B7F2-BA78D6F76ADF}.Debug|Any CPU.Build.0 = Debug|Any CPU
		{EE0025C6-F61B-4D4E-B7F2-BA78D6F76ADF}.Release|Any CPU.ActiveCfg = Release|Any CPU
		{EE0025C6-F61B-4D4E-B7F2-BA78D6F76ADF}.Release|Any CPU.Build.0 = Release|Any CPU
		{5714F658-EFE7-49F6-AAC1-4A1AA41C4762}.Debug|Any CPU.ActiveCfg = Debug|Any CPU
		{5714F658-EFE7-49F6-AAC1-4A1AA41C4762}.Debug|Any CPU.Build.0 = Debug|Any CPU
		{5714F658-EFE7-49F6-AAC1-4A1AA41C4762}.Release|Any CPU.ActiveCfg = Release|Any CPU
		{5714F658-EFE7-49F6-AAC1-4A1AA41C4762}.Release|Any CPU.Build.0 = Release|Any CPU
		{B5B6F1C1-39C7-41BD-9FE3-998ABBD07664}.Debug|Any CPU.ActiveCfg = Debug|Any CPU
		{B5B6F1C1-39C7-41BD-9FE3-998ABBD07664}.Debug|Any CPU.Build.0 = Debug|Any CPU
		{B5B6F1C1-39C7-41BD-9FE3-998ABBD07664}.Release|Any CPU.ActiveCfg = Release|Any CPU
		{B5B6F1C1-39C7-41BD-9FE3-998ABBD07664}.Release|Any CPU.Build.0 = Release|Any CPU
		{604FD105-33B9-4AC3-BCB0-561C0FF073BF}.Debug|Any CPU.ActiveCfg = Debug|Any CPU
		{604FD105-33B9-4AC3-BCB0-561C0FF073BF}.Debug|Any CPU.Build.0 = Debug|Any CPU
		{604FD105-33B9-4AC3-BCB0-561C0FF073BF}.Release|Any CPU.ActiveCfg = Release|Any CPU
		{604FD105-33B9-4AC3-BCB0-561C0FF073BF}.Release|Any CPU.Build.0 = Release|Any CPU
		{3CFB6E83-6E22-41C8-A8F0-47CF510F092F}.Debug|Any CPU.ActiveCfg = Debug|Any CPU
		{3CFB6E83-6E22-41C8-A8F0-47CF510F092F}.Debug|Any CPU.Build.0 = Debug|Any CPU
		{3CFB6E83-6E22-41C8-A8F0-47CF510F092F}.Release|Any CPU.ActiveCfg = Release|Any CPU
		{3CFB6E83-6E22-41C8-A8F0-47CF510F092F}.Release|Any CPU.Build.0 = Release|Any CPU
		{CE5456B2-F534-4197-8F22-9AA921E546E4}.Debug|Any CPU.ActiveCfg = Debug|Any CPU
		{CE5456B2-F534-4197-8F22-9AA921E546E4}.Debug|Any CPU.Build.0 = Debug|Any CPU
		{CE5456B2-F534-4197-8F22-9AA921E546E4}.Release|Any CPU.ActiveCfg = Release|Any CPU
		{CE5456B2-F534-4197-8F22-9AA921E546E4}.Release|Any CPU.Build.0 = Release|Any CPU
	EndGlobalSection
	GlobalSection(SolutionProperties) = preSolution
		HideSolutionNode = FALSE
	EndGlobalSection
	GlobalSection(ExtensibilityGlobals) = postSolution
		SolutionGuid = {C680E037-5568-4042-9369-905B29EA2B8A}
	EndGlobalSection
EndGlobal
