
Microsoft Visual Studio Solution File, Format Version 12.00
# Visual Studio Version 16
VisualStudioVersion = 16.0.31112.23
MinimumVisualStudioVersion = 10.0.40219.1
Project("{FAE04EC0-301F-11D3-BF4B-00C04F79EFBC}") = "Car", "Car\Car.csproj", "{94C080AD-56D3-41FB-95FF-84A7AB5165BA}"
EndProject
Global
	GlobalSection(SolutionConfigurationPlatforms) = preSolution
		Debug|Any CPU = Debug|Any CPU
		Release|Any CPU = Release|Any CPU
	EndGlobalSection
	GlobalSection(ProjectConfigurationPlatforms) = postSolution
		{94C080AD-56D3-41FB-95FF-84A7AB5165BA}.Debug|Any CPU.ActiveCfg = Debug|Any CPU
		{94C080AD-56D3-41FB-95FF-84A7AB5165BA}.Debug|Any CPU.Build.0 = Debug|Any CPU
		{94C080AD-56D3-41FB-95FF-84A7AB5165BA}.Release|Any CPU.ActiveCfg = Release|Any CPU
		{94C080AD-56D3-41FB-95FF-84A7AB5165BA}.Release|Any CPU.Build.0 = Release|Any CPU
	EndGlobalSection
	GlobalSection(SolutionProperties) = preSolution
		HideSolutionNode = FALSE
	EndGlobalSection
	GlobalSection(ExtensibilityGlobals) = postSolution
		SolutionGuid = {5404D7CA-6BAA-4169-AA8A-BBE27CE412F3}
	EndGlobalSection
EndGlobal
