
Microsoft Visual Studio Solution File, Format Version 12.00
# Visual Studio Version 16
VisualStudioVersion = 16.0.31112.23
MinimumVisualStudioVersion = 10.0.40219.1
Project("{FAE04EC0-301F-11D3-BF4B-00C04F79EFBC}") = "IteratorsAndComparators", "IteratorsAndComparators\IteratorsAndComparators.csproj", "{F60A3670-DE67-4A92-A816-068EC13CAB98}"
EndProject
Global
	GlobalSection(SolutionConfigurationPlatforms) = preSolution
		Debug|Any CPU = Debug|Any CPU
		Release|Any CPU = Release|Any CPU
	EndGlobalSection
	GlobalSection(ProjectConfigurationPlatforms) = postSolution
		{F60A3670-DE67-4A92-A816-068EC13CAB98}.Debug|Any CPU.ActiveCfg = Debug|Any CPU
		{F60A3670-DE67-4A92-A816-068EC13CAB98}.Debug|Any CPU.Build.0 = Debug|Any CPU
		{F60A3670-DE67-4A92-A816-068EC13CAB98}.Release|Any CPU.ActiveCfg = Release|Any CPU
		{F60A3670-DE67-4A92-A816-068EC13CAB98}.Release|Any CPU.Build.0 = Release|Any CPU
	EndGlobalSection
	GlobalSection(SolutionProperties) = preSolution
		HideSolutionNode = FALSE
	EndGlobalSection
	GlobalSection(ExtensibilityGlobals) = postSolution
		SolutionGuid = {45257112-728B-4854-A7D5-90312E13121A}
	EndGlobalSection
EndGlobal
