
Microsoft Visual Studio Solution File, Format Version 12.00
# Visual Studio Version 16
VisualStudioVersion = 16.0.31112.23
MinimumVisualStudioVersion = 10.0.40219.1
Project("{FAE04EC0-301F-11D3-BF4B-00C04F79EFBC}") = "01.DiagonalDifference", "01.DiagonalDifference\01.DiagonalDifference.csproj", "{EBBEA16D-892D-4632-BE5E-8C0C5EA94F3F}"
EndProject
Project("{FAE04EC0-301F-11D3-BF4B-00C04F79EFBC}") = "02.SquaresInMatrix", "02.SquaresInMatrix\02.SquaresInMatrix.csproj", "{EC590A91-553A-4419-8D6E-07422C321198}"
EndProject
Project("{FAE04EC0-301F-11D3-BF4B-00C04F79EFBC}") = "03.MaximalSum", "03.MaximalSum\03.MaximalSum.csproj", "{67841DD4-BF43-400D-8324-2BE3426ED535}"
EndProject
Project("{FAE04EC0-301F-11D3-BF4B-00C04F79EFBC}") = "04.MatrixShuffling", "04.MatrixShuffling\04.MatrixShuffling.csproj", "{991760FB-4F90-44D8-82E3-83352189F464}"
EndProject
Global
	GlobalSection(SolutionConfigurationPlatforms) = preSolution
		Debug|Any CPU = Debug|Any CPU
		Release|Any CPU = Release|Any CPU
	EndGlobalSection
	GlobalSection(ProjectConfigurationPlatforms) = postSolution
		{EBBEA16D-892D-4632-BE5E-8C0C5EA94F3F}.Debug|Any CPU.ActiveCfg = Debug|Any CPU
		{EBBEA16D-892D-4632-BE5E-8C0C5EA94F3F}.Debug|Any CPU.Build.0 = Debug|Any CPU
		{EBBEA16D-892D-4632-BE5E-8C0C5EA94F3F}.Release|Any CPU.ActiveCfg = Release|Any CPU
		{EBBEA16D-892D-4632-BE5E-8C0C5EA94F3F}.Release|Any CPU.Build.0 = Release|Any CPU
		{EC590A91-553A-4419-8D6E-07422C321198}.Debug|Any CPU.ActiveCfg = Debug|Any CPU
		{EC590A91-553A-4419-8D6E-07422C321198}.Debug|Any CPU.Build.0 = Debug|Any CPU
		{EC590A91-553A-4419-8D6E-07422C321198}.Release|Any CPU.ActiveCfg = Release|Any CPU
		{EC590A91-553A-4419-8D6E-07422C321198}.Release|Any CPU.Build.0 = Release|Any CPU
		{67841DD4-BF43-400D-8324-2BE3426ED535}.Debug|Any CPU.ActiveCfg = Debug|Any CPU
		{67841DD4-BF43-400D-8324-2BE3426ED535}.Debug|Any CPU.Build.0 = Debug|Any CPU
		{67841DD4-BF43-400D-8324-2BE3426ED535}.Release|Any CPU.ActiveCfg = Release|Any CPU
		{67841DD4-BF43-400D-8324-2BE3426ED535}.Release|Any CPU.Build.0 = Release|Any CPU
		{991760FB-4F90-44D8-82E3-83352189F464}.Debug|Any CPU.ActiveCfg = Debug|Any CPU
		{991760FB-4F90-44D8-82E3-83352189F464}.Debug|Any CPU.Build.0 = Debug|Any CPU
		{991760FB-4F90-44D8-82E3-83352189F464}.Release|Any CPU.ActiveCfg = Release|Any CPU
		{991760FB-4F90-44D8-82E3-83352189F464}.Release|Any CPU.Build.0 = Release|Any CPU
	EndGlobalSection
	GlobalSection(SolutionProperties) = preSolution
		HideSolutionNode = FALSE
	EndGlobalSection
	GlobalSection(ExtensibilityGlobals) = postSolution
		SolutionGuid = {BA125A2A-CD01-439E-AE8A-8BC012442859}
	EndGlobalSection
EndGlobal
